
Microsoft Visual Studio Solution File, Format Version 12.00
# Visual Studio Version 17
VisualStudioVersion = 17.11.35312.102
MinimumVisualStudioVersion = 10.0.40219.1
Project("{FAE04EC0-301F-11D3-BF4B-00C04F79EFBC}") = "TelecomApp", "TelecomApp.csproj", "{4555E332-4029-4CC6-B228-D8C83ADA3BC8}"
EndProject
Global
	GlobalSection(SolutionConfigurationPlatforms) = preSolution
		Debug|Any CPU = Debug|Any CPU
		Release|Any CPU = Release|Any CPU
	EndGlobalSection
	GlobalSection(ProjectConfigurationPlatforms) = postSolution
		{4555E332-4029-4CC6-B228-D8C83ADA3BC8}.Debug|Any CPU.ActiveCfg = Debug|Any CPU
		{4555E332-4029-4CC6-B228-D8C83ADA3BC8}.Debug|Any CPU.Build.0 = Debug|Any CPU
		{4555E332-4029-4CC6-B228-D8C83ADA3BC8}.Release|Any CPU.ActiveCfg = Release|Any CPU
		{4555E332-4029-4CC6-B228-D8C83ADA3BC8}.Release|Any CPU.Build.0 = Release|Any CPU
	EndGlobalSection
	GlobalSection(SolutionProperties) = preSolution
		HideSolutionNode = FALSE
	EndGlobalSection
	GlobalSection(ExtensibilityGlobals) = postSolution
		SolutionGuid = {D0243775-C752-4BAF-B582-B199C6277AFD}
	EndGlobalSection
EndGlobal
